
Microsoft Visual Studio Solution File, Format Version 12.00
# Visual Studio Version 16
VisualStudioVersion = 16.0.30611.23
MinimumVisualStudioVersion = 10.0.40219.1
Project("{FAE04EC0-301F-11D3-BF4B-00C04F79EFBC}") = "NoSQL", "NoSQL\NoSQL.csproj", "{90523F66-1FD4-4BC9-8955-0DEE70D82C73}"
EndProject
Project("{FAE04EC0-301F-11D3-BF4B-00C04F79EFBC}") = "Datos", "Datos\Datos.csproj", "{A42FE5B3-3042-4F47-B403-7B76B6B4B1C8}"
EndProject
Project("{FAE04EC0-301F-11D3-BF4B-00C04F79EFBC}") = "Funcionalidad", "Funcionalidad\Funcionalidad.csproj", "{8FB0D1AE-9A1E-40C2-8BE2-68ED7532468E}"
EndProject
Global
	GlobalSection(SolutionConfigurationPlatforms) = preSolution
		Debug|Any CPU = Debug|Any CPU
		Release|Any CPU = Release|Any CPU
	EndGlobalSection
	GlobalSection(ProjectConfigurationPlatforms) = postSolution
		{90523F66-1FD4-4BC9-8955-0DEE70D82C73}.Debug|Any CPU.ActiveCfg = Debug|Any CPU
		{90523F66-1FD4-4BC9-8955-0DEE70D82C73}.Debug|Any CPU.Build.0 = Debug|Any CPU
		{90523F66-1FD4-4BC9-8955-0DEE70D82C73}.Release|Any CPU.ActiveCfg = Release|Any CPU
		{90523F66-1FD4-4BC9-8955-0DEE70D82C73}.Release|Any CPU.Build.0 = Release|Any CPU
		{A42FE5B3-3042-4F47-B403-7B76B6B4B1C8}.Debug|Any CPU.ActiveCfg = Debug|Any CPU
		{A42FE5B3-3042-4F47-B403-7B76B6B4B1C8}.Debug|Any CPU.Build.0 = Debug|Any CPU
		{A42FE5B3-3042-4F47-B403-7B76B6B4B1C8}.Release|Any CPU.ActiveCfg = Release|Any CPU
		{A42FE5B3-3042-4F47-B403-7B76B6B4B1C8}.Release|Any CPU.Build.0 = Release|Any CPU
		{8FB0D1AE-9A1E-40C2-8BE2-68ED7532468E}.Debug|Any CPU.ActiveCfg = Debug|Any CPU
		{8FB0D1AE-9A1E-40C2-8BE2-68ED7532468E}.Debug|Any CPU.Build.0 = Debug|Any CPU
		{8FB0D1AE-9A1E-40C2-8BE2-68ED7532468E}.Release|Any CPU.ActiveCfg = Release|Any CPU
		{8FB0D1AE-9A1E-40C2-8BE2-68ED7532468E}.Release|Any CPU.Build.0 = Release|Any CPU
	EndGlobalSection
	GlobalSection(SolutionProperties) = preSolution
		HideSolutionNode = FALSE
	EndGlobalSection
	GlobalSection(ExtensibilityGlobals) = postSolution
		SolutionGuid = {816BE3E6-B12B-4F33-98F7-A6D39F017C8E}
	EndGlobalSection
EndGlobal
